
Microsoft Visual Studio Solution File, Format Version 12.00
# Visual Studio Version 17
VisualStudioVersion = 17.14.36202.13
MinimumVisualStudioVersion = 10.0.40219.1
Project("{FAE04EC0-301F-11D3-BF4B-00C04F79EFBC}") = "PacificoSegmentoVentasGaia.Domain", "PacificoSegmentoVentasGaia.Domain\PacificoSegmentoVentasGaia.Domain.csproj", "{0DA68E75-D36E-465B-9E45-EF832C6CC51E}"
EndProject
Project("{FAE04EC0-301F-11D3-BF4B-00C04F79EFBC}") = "PacificoSegmentoVentasGaia.Infraestructure", "PacificoSegmentoVentasGaia.Infraestructure\PacificoSegmentoVentasGaia.Infraestructure.csproj", "{2ABBA773-49AB-4BF9-AFBF-0EB9DA598535}"
EndProject
Project("{FAE04EC0-301F-11D3-BF4B-00C04F79EFBC}") = "PacificoSegmentoVentasGaia.Application", "PacificoSegmentoVentasGaia.Application\PacificoSegmentoVentasGaia.Application.csproj", "{A81EF92A-6705-41D6-94AC-995B25084AC8}"
EndProject
Project("{FAE04EC0-301F-11D3-BF4B-00C04F79EFBC}") = "PacificoSegmentoVentasGaia.Api", "PacificoSegmentoVentasGaia.Api\PacificoSegmentoVentasGaia.Api.csproj", "{63063AB0-67A8-448C-889B-9ADC51AC3D8E}"
EndProject
Project("{FAE04EC0-301F-11D3-BF4B-00C04F79EFBC}") = "PacificoSegmentoVentasGaia.Tests", "PacificoSegmentoVentasGaia.Tests\PacificoSegmentoVentasGaia.Tests.csproj", "{C5ECC827-758F-41D8-A066-7302C011BCF6}"
EndProject
Global
	GlobalSection(SolutionConfigurationPlatforms) = preSolution
		Debug|Any CPU = Debug|Any CPU
		Debug|x64 = Debug|x64
		Debug|x86 = Debug|x86
		Release|Any CPU = Release|Any CPU
		Release|x64 = Release|x64
		Release|x86 = Release|x86
	EndGlobalSection
	GlobalSection(ProjectConfigurationPlatforms) = postSolution
		{0DA68E75-D36E-465B-9E45-EF832C6CC51E}.Debug|Any CPU.ActiveCfg = Debug|Any CPU
		{0DA68E75-D36E-465B-9E45-EF832C6CC51E}.Debug|Any CPU.Build.0 = Debug|Any CPU
		{0DA68E75-D36E-465B-9E45-EF832C6CC51E}.Debug|x64.ActiveCfg = Debug|Any CPU
		{0DA68E75-D36E-465B-9E45-EF832C6CC51E}.Debug|x64.Build.0 = Debug|Any CPU
		{0DA68E75-D36E-465B-9E45-EF832C6CC51E}.Debug|x86.ActiveCfg = Debug|Any CPU
		{0DA68E75-D36E-465B-9E45-EF832C6CC51E}.Debug|x86.Build.0 = Debug|Any CPU
		{0DA68E75-D36E-465B-9E45-EF832C6CC51E}.Release|Any CPU.ActiveCfg = Release|Any CPU
		{0DA68E75-D36E-465B-9E45-EF832C6CC51E}.Release|Any CPU.Build.0 = Release|Any CPU
		{0DA68E75-D36E-465B-9E45-EF832C6CC51E}.Release|x64.ActiveCfg = Release|Any CPU
		{0DA68E75-D36E-465B-9E45-EF832C6CC51E}.Release|x64.Build.0 = Release|Any CPU
		{0DA68E75-D36E-465B-9E45-EF832C6CC51E}.Release|x86.ActiveCfg = Release|Any CPU
		{0DA68E75-D36E-465B-9E45-EF832C6CC51E}.Release|x86.Build.0 = Release|Any CPU
		{2ABBA773-49AB-4BF9-AFBF-0EB9DA598535}.Debug|Any CPU.ActiveCfg = Debug|Any CPU
		{2ABBA773-49AB-4BF9-AFBF-0EB9DA598535}.Debug|Any CPU.Build.0 = Debug|Any CPU
		{2ABBA773-49AB-4BF9-AFBF-0EB9DA598535}.Debug|x64.ActiveCfg = Debug|Any CPU
		{2ABBA773-49AB-4BF9-AFBF-0EB9DA598535}.Debug|x64.Build.0 = Debug|Any CPU
		{2ABBA773-49AB-4BF9-AFBF-0EB9DA598535}.Debug|x86.ActiveCfg = Debug|Any CPU
		{2ABBA773-49AB-4BF9-AFBF-0EB9DA598535}.Debug|x86.Build.0 = Debug|Any CPU
		{2ABBA773-49AB-4BF9-AFBF-0EB9DA598535}.Release|Any CPU.ActiveCfg = Release|Any CPU
		{2ABBA773-49AB-4BF9-AFBF-0EB9DA598535}.Release|Any CPU.Build.0 = Release|Any CPU
		{2ABBA773-49AB-4BF9-AFBF-0EB9DA598535}.Release|x64.ActiveCfg = Release|Any CPU
		{2ABBA773-49AB-4BF9-AFBF-0EB9DA598535}.Release|x64.Build.0 = Release|Any CPU
		{2ABBA773-49AB-4BF9-AFBF-0EB9DA598535}.Release|x86.ActiveCfg = Release|Any CPU
		{2ABBA773-49AB-4BF9-AFBF-0EB9DA598535}.Release|x86.Build.0 = Release|Any CPU
		{A81EF92A-6705-41D6-94AC-995B25084AC8}.Debug|Any CPU.ActiveCfg = Debug|Any CPU
		{A81EF92A-6705-41D6-94AC-995B25084AC8}.Debug|Any CPU.Build.0 = Debug|Any CPU
		{A81EF92A-6705-41D6-94AC-995B25084AC8}.Debug|x64.ActiveCfg = Debug|Any CPU
		{A81EF92A-6705-41D6-94AC-995B25084AC8}.Debug|x64.Build.0 = Debug|Any CPU
		{A81EF92A-6705-41D6-94AC-995B25084AC8}.Debug|x86.ActiveCfg = Debug|Any CPU
		{A81EF92A-6705-41D6-94AC-995B25084AC8}.Debug|x86.Build.0 = Debug|Any CPU
		{A81EF92A-6705-41D6-94AC-995B25084AC8}.Release|Any CPU.ActiveCfg = Release|Any CPU
		{A81EF92A-6705-41D6-94AC-995B25084AC8}.Release|Any CPU.Build.0 = Release|Any CPU
		{A81EF92A-6705-41D6-94AC-995B25084AC8}.Release|x64.ActiveCfg = Release|Any CPU
		{A81EF92A-6705-41D6-94AC-995B25084AC8}.Release|x64.Build.0 = Release|Any CPU
		{A81EF92A-6705-41D6-94AC-995B25084AC8}.Release|x86.ActiveCfg = Release|Any CPU
		{A81EF92A-6705-41D6-94AC-995B25084AC8}.Release|x86.Build.0 = Release|Any CPU
		{63063AB0-67A8-448C-889B-9ADC51AC3D8E}.Debug|Any CPU.ActiveCfg = Debug|Any CPU
		{63063AB0-67A8-448C-889B-9ADC51AC3D8E}.Debug|Any CPU.Build.0 = Debug|Any CPU
		{63063AB0-67A8-448C-889B-9ADC51AC3D8E}.Debug|x64.ActiveCfg = Debug|Any CPU
		{63063AB0-67A8-448C-889B-9ADC51AC3D8E}.Debug|x64.Build.0 = Debug|Any CPU
		{63063AB0-67A8-448C-889B-9ADC51AC3D8E}.Debug|x86.ActiveCfg = Debug|Any CPU
		{63063AB0-67A8-448C-889B-9ADC51AC3D8E}.Debug|x86.Build.0 = Debug|Any CPU
		{63063AB0-67A8-448C-889B-9ADC51AC3D8E}.Release|Any CPU.ActiveCfg = Release|Any CPU
		{63063AB0-67A8-448C-889B-9ADC51AC3D8E}.Release|Any CPU.Build.0 = Release|Any CPU
		{63063AB0-67A8-448C-889B-9ADC51AC3D8E}.Release|x64.ActiveCfg = Release|Any CPU
		{63063AB0-67A8-448C-889B-9ADC51AC3D8E}.Release|x64.Build.0 = Release|Any CPU
		{63063AB0-67A8-448C-889B-9ADC51AC3D8E}.Release|x86.ActiveCfg = Release|Any CPU
		{63063AB0-67A8-448C-889B-9ADC51AC3D8E}.Release|x86.Build.0 = Release|Any CPU
		{C5ECC827-758F-41D8-A066-7302C011BCF6}.Debug|Any CPU.ActiveCfg = Debug|Any CPU
		{C5ECC827-758F-41D8-A066-7302C011BCF6}.Debug|Any CPU.Build.0 = Debug|Any CPU
		{C5ECC827-758F-41D8-A066-7302C011BCF6}.Debug|x64.ActiveCfg = Debug|Any CPU
		{C5ECC827-758F-41D8-A066-7302C011BCF6}.Debug|x64.Build.0 = Debug|Any CPU
		{C5ECC827-758F-41D8-A066-7302C011BCF6}.Debug|x86.ActiveCfg = Debug|Any CPU
		{C5ECC827-758F-41D8-A066-7302C011BCF6}.Debug|x86.Build.0 = Debug|Any CPU
		{C5ECC827-758F-41D8-A066-7302C011BCF6}.Release|Any CPU.ActiveCfg = Release|Any CPU
		{C5ECC827-758F-41D8-A066-7302C011BCF6}.Release|Any CPU.Build.0 = Release|Any CPU
		{C5ECC827-758F-41D8-A066-7302C011BCF6}.Release|x64.ActiveCfg = Release|Any CPU
		{C5ECC827-758F-41D8-A066-7302C011BCF6}.Release|x64.Build.0 = Release|Any CPU
		{C5ECC827-758F-41D8-A066-7302C011BCF6}.Release|x86.ActiveCfg = Release|Any CPU
		{C5ECC827-758F-41D8-A066-7302C011BCF6}.Release|x86.Build.0 = Release|Any CPU
	EndGlobalSection
	GlobalSection(SolutionProperties) = preSolution
		HideSolutionNode = FALSE
	EndGlobalSection
	GlobalSection(ExtensibilityGlobals) = postSolution
		SolutionGuid = {0DCE56E9-1041-426F-A9DE-6B2EC0D7BD55}
	EndGlobalSection
EndGlobal
